
Microsoft Visual Studio Solution File, Format Version 12.00
# Visual Studio Version 16
VisualStudioVersion = 16.0.29102.190
MinimumVisualStudioVersion = 10.0.40219.1
Project("{FAE04EC0-301F-11D3-BF4B-00C04F79EFBC}") = "MessageBoxCloser", "MessageBoxCloser.csproj", "{BCDDEE35-320D-4E9E-B6A4-E160520B38E8}"
EndProject
Global
	GlobalSection(SolutionConfigurationPlatforms) = preSolution
		Debug|Any CPU = Debug|Any CPU
		Release|Any CPU = Release|Any CPU
	EndGlobalSection
	GlobalSection(ProjectConfigurationPlatforms) = postSolution
		{BCDDEE35-320D-4E9E-B6A4-E160520B38E8}.Debug|Any CPU.ActiveCfg = Debug|Any CPU
		{BCDDEE35-320D-4E9E-B6A4-E160520B38E8}.Debug|Any CPU.Build.0 = Debug|Any CPU
		{BCDDEE35-320D-4E9E-B6A4-E160520B38E8}.Release|Any CPU.ActiveCfg = Release|Any CPU
		{BCDDEE35-320D-4E9E-B6A4-E160520B38E8}.Release|Any CPU.Build.0 = Release|Any CPU
	EndGlobalSection
	GlobalSection(SolutionProperties) = preSolution
		HideSolutionNode = FALSE
	EndGlobalSection
	GlobalSection(ExtensibilityGlobals) = postSolution
		SolutionGuid = {4905DB10-8E54-46C9-AD3A-FD792507CFF5}
	EndGlobalSection
EndGlobal
